
Microsoft Visual Studio Solution File, Format Version 12.00
# Visual Studio 15
VisualStudioVersion = 15.0.28307.271
MinimumVisualStudioVersion = 10.0.40219.1
Project("{FAE04EC0-301F-11D3-BF4B-00C04F79EFBC}") = "MyWpfApplication", "MyWpfApplication\MyWpfApplication.csproj", "{B39E7D25-441A-4C85-956D-7C93F81D59D2}"
EndProject
Project("{930C7802-8A8C-48F9-8165-68863BCCD9DD}") = "SetupProject1", "SetupProject1\SetupProject1.wixproj", "{97B3DB6F-FB07-4DA0-9244-25C065897D82}"
EndProject
Project("{FAE04EC0-301F-11D3-BF4B-00C04F79EFBC}") = "customaction1", "MyCustomAction\customaction1.csproj", "{8286ADE4-908A-43D3-8D63-4564361E6AB5}"
EndProject
Project("{FAE04EC0-301F-11D3-BF4B-00C04F79EFBC}") = "CustomDrop", "CustomDrop\CustomDrop.csproj", "{98172460-BB43-4952-868A-F93930B79CC8}"
EndProject
Global
	GlobalSection(SolutionConfigurationPlatforms) = preSolution
		Debug|Any CPU = Debug|Any CPU
		Debug|x86 = Debug|x86
		Release|Any CPU = Release|Any CPU
		Release|x86 = Release|x86
	EndGlobalSection
	GlobalSection(ProjectConfigurationPlatforms) = postSolution
		{B39E7D25-441A-4C85-956D-7C93F81D59D2}.Debug|Any CPU.ActiveCfg = Debug|Any CPU
		{B39E7D25-441A-4C85-956D-7C93F81D59D2}.Debug|Any CPU.Build.0 = Debug|Any CPU
		{B39E7D25-441A-4C85-956D-7C93F81D59D2}.Debug|x86.ActiveCfg = Debug|Any CPU
		{B39E7D25-441A-4C85-956D-7C93F81D59D2}.Debug|x86.Build.0 = Debug|Any CPU
		{B39E7D25-441A-4C85-956D-7C93F81D59D2}.Release|Any CPU.ActiveCfg = Release|Any CPU
		{B39E7D25-441A-4C85-956D-7C93F81D59D2}.Release|Any CPU.Build.0 = Release|Any CPU
		{B39E7D25-441A-4C85-956D-7C93F81D59D2}.Release|x86.ActiveCfg = Release|Any CPU
		{B39E7D25-441A-4C85-956D-7C93F81D59D2}.Release|x86.Build.0 = Release|Any CPU
		{97B3DB6F-FB07-4DA0-9244-25C065897D82}.Debug|Any CPU.ActiveCfg = Debug|x86
		{97B3DB6F-FB07-4DA0-9244-25C065897D82}.Debug|x86.ActiveCfg = Debug|x86
		{97B3DB6F-FB07-4DA0-9244-25C065897D82}.Debug|x86.Build.0 = Debug|x86
		{97B3DB6F-FB07-4DA0-9244-25C065897D82}.Release|Any CPU.ActiveCfg = Release|x86
		{97B3DB6F-FB07-4DA0-9244-25C065897D82}.Release|x86.ActiveCfg = Release|x86
		{97B3DB6F-FB07-4DA0-9244-25C065897D82}.Release|x86.Build.0 = Release|x86
		{8286ADE4-908A-43D3-8D63-4564361E6AB5}.Debug|Any CPU.ActiveCfg = Debug|x86
		{8286ADE4-908A-43D3-8D63-4564361E6AB5}.Debug|x86.ActiveCfg = Debug|x86
		{8286ADE4-908A-43D3-8D63-4564361E6AB5}.Debug|x86.Build.0 = Debug|x86
		{8286ADE4-908A-43D3-8D63-4564361E6AB5}.Release|Any CPU.ActiveCfg = Release|x86
		{8286ADE4-908A-43D3-8D63-4564361E6AB5}.Release|x86.ActiveCfg = Release|x86
		{8286ADE4-908A-43D3-8D63-4564361E6AB5}.Release|x86.Build.0 = Release|x86
		{98172460-BB43-4952-868A-F93930B79CC8}.Debug|Any CPU.ActiveCfg = Debug|x86
		{98172460-BB43-4952-868A-F93930B79CC8}.Debug|x86.ActiveCfg = Debug|x86
		{98172460-BB43-4952-868A-F93930B79CC8}.Debug|x86.Build.0 = Debug|x86
		{98172460-BB43-4952-868A-F93930B79CC8}.Release|Any CPU.ActiveCfg = Release|x86
		{98172460-BB43-4952-868A-F93930B79CC8}.Release|x86.ActiveCfg = Release|x86
		{98172460-BB43-4952-868A-F93930B79CC8}.Release|x86.Build.0 = Release|x86
	EndGlobalSection
	GlobalSection(SolutionProperties) = preSolution
		HideSolutionNode = FALSE
	EndGlobalSection
	GlobalSection(ExtensibilityGlobals) = postSolution
		SolutionGuid = {EEDEB268-049C-400E-8313-7EC7210D8E37}
	EndGlobalSection
EndGlobal
